{
  "requires": true,
  "lockfileVersion": 1,
  "dependencies": {
    "gitbook-plugin-page-numbering": {
      "version": "0.1.3",
      "resolved": "https://registry.npmjs.org/gitbook-plugin-page-numbering/-/gitbook-plugin-page-numbering-0.1.3.tgz",
      "integrity": "sha512-wloTnDuxfpEOnmESNGWUG/IQcu0bOCvsGJlSTe+agejK1BxhEkIFsD4Z3ianmaWdBelu8kIhIwfU92DL3yniIA=="
    }
  }
}
